// !$*UTF8*$!
{
	archiveVersion = 1;
	classes = {
	};
	objectVersion = 50;
	objects = {

/* Begin PBXBuildFile section */
		851AA5922539896700524AF6 /* IBuilder.swift in Sources */ = {isa = PBXBuildFile; fileRef = 851AA5912539896700524AF6 /* IBuilder.swift */; };
		851AA5952539897700524AF6 /* Builder.swift in Sources */ = {isa = PBXBuildFile; fileRef = 851AA5942539897700524AF6 /* Builder.swift */; };
		85808A11253603B7001F5582 /* ListViewController.swift in Sources */ = {isa = PBXBuildFile; fileRef = 85808A10253603B7001F5582 /* ListViewController.swift */; };
		85808A1325360A32001F5582 /* DetailModel.swift in Sources */ = {isa = PBXBuildFile; fileRef = 85808A1225360A32001F5582 /* DetailModel.swift */; };
		85808A1625360BFC001F5582 /* NetworkService.swift in Sources */ = {isa = PBXBuildFile; fileRef = 85808A1525360BFC001F5582 /* NetworkService.swift */; };
		85808A1825360C0B001F5582 /* INetworkService.swift in Sources */ = {isa = PBXBuildFile; fileRef = 85808A1725360C0B001F5582 /* INetworkService.swift */; };
		85808A1B25360C81001F5582 /* ApiUrl.swift in Sources */ = {isa = PBXBuildFile; fileRef = 85808A1A25360C81001F5582 /* ApiUrl.swift */; };
		85808A1E25361D44001F5582 /* ListTableViewCell.swift in Sources */ = {isa = PBXBuildFile; fileRef = 85808A1D25361D44001F5582 /* ListTableViewCell.swift */; };
		85808A2625372AE9001F5582 /* DetailViewModel.swift in Sources */ = {isa = PBXBuildFile; fileRef = 85808A2525372AE9001F5582 /* DetailViewModel.swift */; };
		85808A2825372AFA001F5582 /* IDetailViewModel.swift in Sources */ = {isa = PBXBuildFile; fileRef = 85808A2725372AFA001F5582 /* IDetailViewModel.swift */; };
		85808A2A25373BBC001F5582 /* Colors.swift in Sources */ = {isa = PBXBuildFile; fileRef = 85808A2925373BBC001F5582 /* Colors.swift */; };
		85BD7B702535FD6C00211C12 /* AppDelegate.swift in Sources */ = {isa = PBXBuildFile; fileRef = 85BD7B6F2535FD6C00211C12 /* AppDelegate.swift */; };
		85BD7B722535FD6C00211C12 /* SceneDelegate.swift in Sources */ = {isa = PBXBuildFile; fileRef = 85BD7B712535FD6C00211C12 /* SceneDelegate.swift */; };
		85BD7B792535FD6F00211C12 /* Assets.xcassets in Resources */ = {isa = PBXBuildFile; fileRef = 85BD7B782535FD6F00211C12 /* Assets.xcassets */; };
		85BD7B7C2535FD6F00211C12 /* LaunchScreen.storyboard in Resources */ = {isa = PBXBuildFile; fileRef = 85BD7B7A2535FD6F00211C12 /* LaunchScreen.storyboard */; };
		85BD7B8A2535FFC400211C12 /* TabBarViewController.swift in Sources */ = {isa = PBXBuildFile; fileRef = 85BD7B892535FFC400211C12 /* TabBarViewController.swift */; };
		85BD7B922536031F00211C12 /* DetailViewController.swift in Sources */ = {isa = PBXBuildFile; fileRef = 85BD7B912536031F00211C12 /* DetailViewController.swift */; };
/* End PBXBuildFile section */

/* Begin PBXFileReference section */
		851AA5912539896700524AF6 /* IBuilder.swift */ = {isa = PBXFileReference; lastKnownFileType = sourcecode.swift; path = IBuilder.swift; sourceTree = "<group>"; };
		851AA5942539897700524AF6 /* Builder.swift */ = {isa = PBXFileReference; lastKnownFileType = sourcecode.swift; path = Builder.swift; sourceTree = "<group>"; };
		85808A10253603B7001F5582 /* ListViewController.swift */ = {isa = PBXFileReference; lastKnownFileType = sourcecode.swift; path = ListViewController.swift; sourceTree = "<group>"; };
		85808A1225360A32001F5582 /* DetailModel.swift */ = {isa = PBXFileReference; lastKnownFileType = sourcecode.swift; path = DetailModel.swift; sourceTree = "<group>"; };
		85808A1525360BFC001F5582 /* NetworkService.swift */ = {isa = PBXFileReference; lastKnownFileType = sourcecode.swift; path = NetworkService.swift; sourceTree = "<group>"; };
		85808A1725360C0B001F5582 /* INetworkService.swift */ = {isa = PBXFileReference; lastKnownFileType = sourcecode.swift; path = INetworkService.swift; sourceTree = "<group>"; };
		85808A1A25360C81001F5582 /* ApiUrl.swift */ = {isa = PBXFileReference; lastKnownFileType = sourcecode.swift; path = ApiUrl.swift; sourceTree = "<group>"; };
		85808A1D25361D44001F5582 /* ListTableViewCell.swift */ = {isa = PBXFileReference; lastKnownFileType = sourcecode.swift; path = ListTableViewCell.swift; sourceTree = "<group>"; };
		85808A2525372AE9001F5582 /* DetailViewModel.swift */ = {isa = PBXFileReference; lastKnownFileType = sourcecode.swift; path = DetailViewModel.swift; sourceTree = "<group>"; };
		85808A2725372AFA001F5582 /* IDetailViewModel.swift */ = {isa = PBXFileReference; lastKnownFileType = sourcecode.swift; path = IDetailViewModel.swift; sourceTree = "<group>"; };
		85808A2925373BBC001F5582 /* Colors.swift */ = {isa = PBXFileReference; fileEncoding = 4; lastKnownFileType = sourcecode.swift; path = Colors.swift; sourceTree = "<group>"; };
		85BD7B6C2535FD6C00211C12 /* MightyCallTest.app */ = {isa = PBXFileReference; explicitFileType = wrapper.application; includeInIndex = 0; path = MightyCallTest.app; sourceTree = BUILT_PRODUCTS_DIR; };
		85BD7B6F2535FD6C00211C12 /* AppDelegate.swift */ = {isa = PBXFileReference; lastKnownFileType = sourcecode.swift; path = AppDelegate.swift; sourceTree = "<group>"; };
		85BD7B712535FD6C00211C12 /* SceneDelegate.swift */ = {isa = PBXFileReference; lastKnownFileType = sourcecode.swift; path = SceneDelegate.swift; sourceTree = "<group>"; };
		85BD7B782535FD6F00211C12 /* Assets.xcassets */ = {isa = PBXFileReference; lastKnownFileType = folder.assetcatalog; path = Assets.xcassets; sourceTree = "<group>"; };
		85BD7B7B2535FD6F00211C12 /* Base */ = {isa = PBXFileReference; lastKnownFileType = file.storyboard; name = Base; path = Base.lproj/LaunchScreen.storyboard; sourceTree = "<group>"; };
		85BD7B7D2535FD6F00211C12 /* Info.plist */ = {isa = PBXFileReference; lastKnownFileType = text.plist.xml; path = Info.plist; sourceTree = "<group>"; };
		85BD7B892535FFC400211C12 /* TabBarViewController.swift */ = {isa = PBXFileReference; lastKnownFileType = sourcecode.swift; path = TabBarViewController.swift; sourceTree = "<group>"; };
		85BD7B912536031F00211C12 /* DetailViewController.swift */ = {isa = PBXFileReference; lastKnownFileType = sourcecode.swift; path = DetailViewController.swift; sourceTree = "<group>"; };
/* End PBXFileReference section */

/* Begin PBXFrameworksBuildPhase section */
		85BD7B692535FD6C00211C12 /* Frameworks */ = {
			isa = PBXFrameworksBuildPhase;
			buildActionMask = 2147483647;
			files = (
			);
			runOnlyForDeploymentPostprocessing = 0;
		};
/* End PBXFrameworksBuildPhase section */

/* Begin PBXGroup section */
		851AA5902539894300524AF6 /* Builder */ = {
			isa = PBXGroup;
			children = (
				851AA5912539896700524AF6 /* IBuilder.swift */,
				851AA5942539897700524AF6 /* Builder.swift */,
			);
			path = Builder;
			sourceTree = "<group>";
		};
		85808A1425360BA2001F5582 /* NetworkServise */ = {
			isa = PBXGroup;
			children = (
				85808A1925360C73001F5582 /* ApiUrl */,
				85808A1725360C0B001F5582 /* INetworkService.swift */,
				85808A1525360BFC001F5582 /* NetworkService.swift */,
			);
			path = NetworkServise;
			sourceTree = "<group>";
		};
		85808A1925360C73001F5582 /* ApiUrl */ = {
			isa = PBXGroup;
			children = (
				85808A1A25360C81001F5582 /* ApiUrl.swift */,
			);
			path = ApiUrl;
			sourceTree = "<group>";
		};
		85808A1F25361D48001F5582 /* Cell */ = {
			isa = PBXGroup;
			children = (
				85808A1D25361D44001F5582 /* ListTableViewCell.swift */,
			);
			path = Cell;
			sourceTree = "<group>";
		};
		85808A2B25373CA9001F5582 /* Helper */ = {
			isa = PBXGroup;
			children = (
				85808A2925373BBC001F5582 /* Colors.swift */,
			);
			path = Helper;
			sourceTree = "<group>";
		};
		85BD7B632535FD6C00211C12 = {
			isa = PBXGroup;
			children = (
				85BD7B6E2535FD6C00211C12 /* MightyCallTest */,
				85BD7B6D2535FD6C00211C12 /* Products */,
			);
			sourceTree = "<group>";
		};
		85BD7B6D2535FD6C00211C12 /* Products */ = {
			isa = PBXGroup;
			children = (
				85BD7B6C2535FD6C00211C12 /* MightyCallTest.app */,
			);
			name = Products;
			sourceTree = "<group>";
		};
		85BD7B6E2535FD6C00211C12 /* MightyCallTest */ = {
			isa = PBXGroup;
			children = (
				85BD7B6F2535FD6C00211C12 /* AppDelegate.swift */,
				85BD7B712535FD6C00211C12 /* SceneDelegate.swift */,
				85BD7B842535FE2E00211C12 /* TabBar */,
				85BD7B852535FE5F00211C12 /* Detail */,
				85BD7B862535FE7D00211C12 /* List */,
				85BD7B882535FFA800211C12 /* Core */,
				85808A2B25373CA9001F5582 /* Helper */,
				85BD7B872535FECE00211C12 /* Storyboard */,
				85BD7B832535FDD100211C12 /* Support */,
			);
			path = MightyCallTest;
			sourceTree = "<group>";
		};
		85BD7B832535FDD100211C12 /* Support */ = {
			isa = PBXGroup;
			children = (
				85BD7B7D2535FD6F00211C12 /* Info.plist */,
				85BD7B782535FD6F00211C12 /* Assets.xcassets */,
			);
			path = Support;
			sourceTree = "<group>";
		};
		85BD7B842535FE2E00211C12 /* TabBar */ = {
			isa = PBXGroup;
			children = (
				85BD7B892535FFC400211C12 /* TabBarViewController.swift */,
			);
			path = TabBar;
			sourceTree = "<group>";
		};
		85BD7B852535FE5F00211C12 /* Detail */ = {
			isa = PBXGroup;
			children = (
				85BD7B8D253602EC00211C12 /* ViewModel */,
				85BD7B8C253602E600211C12 /* View */,
				85BD7B8B253602E000211C12 /* Model */,
			);
			path = Detail;
			sourceTree = "<group>";
		};
		85BD7B862535FE7D00211C12 /* List */ = {
			isa = PBXGroup;
			children = (
				85BD7B8F253602FB00211C12 /* View */,
			);
			path = List;
			sourceTree = "<group>";
		};
		85BD7B872535FECE00211C12 /* Storyboard */ = {
			isa = PBXGroup;
			children = (
				85BD7B7A2535FD6F00211C12 /* LaunchScreen.storyboard */,
			);
			path = Storyboard;
			sourceTree = "<group>";
		};
		85BD7B882535FFA800211C12 /* Core */ = {
			isa = PBXGroup;
			children = (
				851AA5902539894300524AF6 /* Builder */,
				85808A1425360BA2001F5582 /* NetworkServise */,
			);
			path = Core;
			sourceTree = "<group>";
		};
		85BD7B8B253602E000211C12 /* Model */ = {
			isa = PBXGroup;
			children = (
				85808A1225360A32001F5582 /* DetailModel.swift */,
			);
			path = Model;
			sourceTree = "<group>";
		};
		85BD7B8C253602E600211C12 /* View */ = {
			isa = PBXGroup;
			children = (
				85BD7B912536031F00211C12 /* DetailViewController.swift */,
			);
			path = View;
			sourceTree = "<group>";
		};
		85BD7B8D253602EC00211C12 /* ViewModel */ = {
			isa = PBXGroup;
			children = (
				85808A2525372AE9001F5582 /* DetailViewModel.swift */,
				85808A2725372AFA001F5582 /* IDetailViewModel.swift */,
			);
			path = ViewModel;
			sourceTree = "<group>";
		};
		85BD7B8F253602FB00211C12 /* View */ = {
			isa = PBXGroup;
			children = (
				85808A10253603B7001F5582 /* ListViewController.swift */,
				85808A1F25361D48001F5582 /* Cell */,
			);
			path = View;
			sourceTree = "<group>";
		};
/* End PBXGroup section */

/* Begin PBXNativeTarget section */
		85BD7B6B2535FD6C00211C12 /* MightyCallTest */ = {
			isa = PBXNativeTarget;
			buildConfigurationList = 85BD7B802535FD6F00211C12 /* Build configuration list for PBXNativeTarget "MightyCallTest" */;
			buildPhases = (
				85BD7B682535FD6C00211C12 /* Sources */,
				85BD7B692535FD6C00211C12 /* Frameworks */,
				85BD7B6A2535FD6C00211C12 /* Resources */,
			);
			buildRules = (
			);
			dependencies = (
			);
			name = MightyCallTest;
			productName = MightyCallTest;
			productReference = 85BD7B6C2535FD6C00211C12 /* MightyCallTest.app */;
			productType = "com.apple.product-type.application";
		};
/* End PBXNativeTarget section */

/* Begin PBXProject section */
		85BD7B642535FD6C00211C12 /* Project object */ = {
			isa = PBXProject;
			attributes = {
				LastSwiftUpdateCheck = 1170;
				LastUpgradeCheck = 1210;
				ORGANIZATIONNAME = "Анна Сычева";
				TargetAttributes = {
					85BD7B6B2535FD6C00211C12 = {
						CreatedOnToolsVersion = 11.7;
					};
				};
			};
			buildConfigurationList = 85BD7B672535FD6C00211C12 /* Build configuration list for PBXProject "MightyCallTest" */;
			compatibilityVersion = "Xcode 9.3";
			developmentRegion = en;
			hasScannedForEncodings = 0;
			knownRegions = (
				en,
				Base,
			);
			mainGroup = 85BD7B632535FD6C00211C12;
			productRefGroup = 85BD7B6D2535FD6C00211C12 /* Products */;
			projectDirPath = "";
			projectRoot = "";
			targets = (
				85BD7B6B2535FD6C00211C12 /* MightyCallTest */,
			);
		};
/* End PBXProject section */

/* Begin PBXResourcesBuildPhase section */
		85BD7B6A2535FD6C00211C12 /* Resources */ = {
			isa = PBXResourcesBuildPhase;
			buildActionMask = 2147483647;
			files = (
				85BD7B7C2535FD6F00211C12 /* LaunchScreen.storyboard in Resources */,
				85BD7B792535FD6F00211C12 /* Assets.xcassets in Resources */,
			);
			runOnlyForDeploymentPostprocessing = 0;
		};
/* End PBXResourcesBuildPhase section */

/* Begin PBXSourcesBuildPhase section */
		85BD7B682535FD6C00211C12 /* Sources */ = {
			isa = PBXSourcesBuildPhase;
			buildActionMask = 2147483647;
			files = (
				85808A1325360A32001F5582 /* DetailModel.swift in Sources */,
				85BD7B702535FD6C00211C12 /* AppDelegate.swift in Sources */,
				85BD7B8A2535FFC400211C12 /* TabBarViewController.swift in Sources */,
				85BD7B722535FD6C00211C12 /* SceneDelegate.swift in Sources */,
				85808A1825360C0B001F5582 /* INetworkService.swift in Sources */,
				85808A11253603B7001F5582 /* ListViewController.swift in Sources */,
				85BD7B922536031F00211C12 /* DetailViewController.swift in Sources */,
				85808A1625360BFC001F5582 /* NetworkService.swift in Sources */,
				85808A2A25373BBC001F5582 /* Colors.swift in Sources */,
				85808A1B25360C81001F5582 /* ApiUrl.swift in Sources */,
				85808A2825372AFA001F5582 /* IDetailViewModel.swift in Sources */,
				85808A2625372AE9001F5582 /* DetailViewModel.swift in Sources */,
				85808A1E25361D44001F5582 /* ListTableViewCell.swift in Sources */,
				851AA5922539896700524AF6 /* IBuilder.swift in Sources */,
				851AA5952539897700524AF6 /* Builder.swift in Sources */,
			);
			runOnlyForDeploymentPostprocessing = 0;
		};
/* End PBXSourcesBuildPhase section */

/* Begin PBXVariantGroup section */
		85BD7B7A2535FD6F00211C12 /* LaunchScreen.storyboard */ = {
			isa = PBXVariantGroup;
			children = (
				85BD7B7B2535FD6F00211C12 /* Base */,
			);
			name = LaunchScreen.storyboard;
			sourceTree = "<group>";
		};
/* End PBXVariantGroup section */

/* Begin XCBuildConfiguration section */
		85BD7B7E2535FD6F00211C12 /* Debug */ = {
			isa = XCBuildConfiguration;
			buildSettings = {
				ALWAYS_SEARCH_USER_PATHS = NO;
				CLANG_ANALYZER_NONNULL = YES;
				CLANG_ANALYZER_NUMBER_OBJECT_CONVERSION = YES_AGGRESSIVE;
				CLANG_CXX_LANGUAGE_STANDARD = "gnu++14";
				CLANG_CXX_LIBRARY = "libc++";
				CLANG_ENABLE_MODULES = YES;
				CLANG_ENABLE_OBJC_ARC = YES;
				CLANG_ENABLE_OBJC_WEAK = YES;
				CLANG_WARN_BLOCK_CAPTURE_AUTORELEASING = YES;
				CLANG_WARN_BOOL_CONVERSION = YES;
				CLANG_WARN_COMMA = YES;
				CLANG_WARN_CONSTANT_CONVERSION = YES;
				CLANG_WARN_DEPRECATED_OBJC_IMPLEMENTATIONS = YES;
				CLANG_WARN_DIRECT_OBJC_ISA_USAGE = YES_ERROR;
				CLANG_WARN_DOCUMENTATION_COMMENTS = YES;
				CLANG_WARN_EMPTY_BODY = YES;
				CLANG_WARN_ENUM_CONVERSION = YES;
				CLANG_WARN_INFINITE_RECURSION = YES;
				CLANG_WARN_INT_CONVERSION = YES;
				CLANG_WARN_NON_LITERAL_NULL_CONVERSION = YES;
				CLANG_WARN_OBJC_IMPLICIT_RETAIN_SELF = YES;
				CLANG_WARN_OBJC_LITERAL_CONVERSION = YES;
				CLANG_WARN_OBJC_ROOT_CLASS = YES_ERROR;
				CLANG_WARN_QUOTED_INCLUDE_IN_FRAMEWORK_HEADER = YES;
				CLANG_WARN_RANGE_LOOP_ANALYSIS = YES;
				CLANG_WARN_STRICT_PROTOTYPES = YES;
				CLANG_WARN_SUSPICIOUS_MOVE = YES;
				CLANG_WARN_UNGUARDED_AVAILABILITY = YES_AGGRESSIVE;
				CLANG_WARN_UNREACHABLE_CODE = YES;
				CLANG_WARN__DUPLICATE_METHOD_MATCH = YES;
				COPY_PHASE_STRIP = NO;
				DEBUG_INFORMATION_FORMAT = dwarf;
				ENABLE_STRICT_OBJC_MSGSEND = YES;
				ENABLE_TESTABILITY = YES;
				GCC_C_LANGUAGE_STANDARD = gnu11;
				GCC_DYNAMIC_NO_PIC = NO;
				GCC_NO_COMMON_BLOCKS = YES;
				GCC_OPTIMIZATION_LEVEL = 0;
				GCC_PREPROCESSOR_DEFINITIONS = (
					"DEBUG=1",
					"$(inherited)",
				);
				GCC_WARN_64_TO_32_BIT_CONVERSION = YES;
				GCC_WARN_ABOUT_RETURN_TYPE = YES_ERROR;
				GCC_WARN_UNDECLARED_SELECTOR = YES;
				GCC_WARN_UNINITIALIZED_AUTOS = YES_AGGRESSIVE;
				GCC_WARN_UNUSED_FUNCTION = YES;
				GCC_WARN_UNUSED_VARIABLE = YES;
				IPHONEOS_DEPLOYMENT_TARGET = 13.7;
				MTL_ENABLE_DEBUG_INFO = INCLUDE_SOURCE;
				MTL_FAST_MATH = YES;
				ONLY_ACTIVE_ARCH = YES;
				SDKROOT = iphoneos;
				SWIFT_ACTIVE_COMPILATION_CONDITIONS = DEBUG;
				SWIFT_OPTIMIZATION_LEVEL = "-Onone";
			};
			name = Debug;
		};
		85BD7B7F2535FD6F00211C12 /* Release */ = {
			isa = XCBuildConfiguration;
			buildSettings = {
				ALWAYS_SEARCH_USER_PATHS = NO;
				CLANG_ANALYZER_NONNULL = YES;
				CLANG_ANALYZER_NUMBER_OBJECT_CONVERSION = YES_AGGRESSIVE;
				CLANG_CXX_LANGUAGE_STANDARD = "gnu++14";
				CLANG_CXX_LIBRARY = "libc++";
				CLANG_ENABLE_MODULES = YES;
				CLANG_ENABLE_OBJC_ARC = YES;
				CLANG_ENABLE_OBJC_WEAK = YES;
				CLANG_WARN_BLOCK_CAPTURE_AUTORELEASING = YES;
				CLANG_WARN_BOOL_CONVERSION = YES;
				CLANG_WARN_COMMA = YES;
				CLANG_WARN_CONSTANT_CONVERSION = YES;
				CLANG_WARN_DEPRECATED_OBJC_IMPLEMENTATIONS = YES;
				CLANG_WARN_DIRECT_OBJC_ISA_USAGE = YES_ERROR;
				CLANG_WARN_DOCUMENTATION_COMMENTS = YES;
				CLANG_WARN_EMPTY_BODY = YES;
				CLANG_WARN_ENUM_CONVERSION = YES;
				CLANG_WARN_INFINITE_RECURSION = YES;
				CLANG_WARN_INT_CONVERSION = YES;
				CLANG_WARN_NON_LITERAL_NULL_CONVERSION = YES;
				CLANG_WARN_OBJC_IMPLICIT_RETAIN_SELF = YES;
				CLANG_WARN_OBJC_LITERAL_CONVERSION = YES;
				CLANG_WARN_OBJC_ROOT_CLASS = YES_ERROR;
				CLANG_WARN_QUOTED_INCLUDE_IN_FRAMEWORK_HEADER = YES;
				CLANG_WARN_RANGE_LOOP_ANALYSIS = YES;
				CLANG_WARN_STRICT_PROTOTYPES = YES;
				CLANG_WARN_SUSPICIOUS_MOVE = YES;
				CLANG_WARN_UNGUARDED_AVAILABILITY = YES_AGGRESSIVE;
				CLANG_WARN_UNREACHABLE_CODE = YES;
				CLANG_WARN__DUPLICATE_METHOD_MATCH = YES;
				COPY_PHASE_STRIP = NO;
				DEBUG_INFORMATION_FORMAT = "dwarf-with-dsym";
				ENABLE_NS_ASSERTIONS = NO;
				ENABLE_STRICT_OBJC_MSGSEND = YES;
				GCC_C_LANGUAGE_STANDARD = gnu11;
				GCC_NO_COMMON_BLOCKS = YES;
				GCC_WARN_64_TO_32_BIT_CONVERSION = YES;
				GCC_WARN_ABOUT_RETURN_TYPE = YES_ERROR;
				GCC_WARN_UNDECLARED_SELECTOR = YES;
				GCC_WARN_UNINITIALIZED_AUTOS = YES_AGGRESSIVE;
				GCC_WARN_UNUSED_FUNCTION = YES;
				GCC_WARN_UNUSED_VARIABLE = YES;
				IPHONEOS_DEPLOYMENT_TARGET = 13.7;
				MTL_ENABLE_DEBUG_INFO = NO;
				MTL_FAST_MATH = YES;
				SDKROOT = iphoneos;
				SWIFT_COMPILATION_MODE = wholemodule;
				SWIFT_OPTIMIZATION_LEVEL = "-O";
				VALIDATE_PRODUCT = YES;
			};
			name = Release;
		};
		85BD7B812535FD6F00211C12 /* Debug */ = {
			isa = XCBuildConfiguration;
			buildSettings = {
				ASSETCATALOG_COMPILER_APPICON_NAME = AppIcon;
				CODE_SIGN_STYLE = Automatic;
				DEVELOPMENT_TEAM = P29BZ53K6N;
				INFOPLIST_FILE = MightyCallTest/Support/Info.plist;
				LD_RUNPATH_SEARCH_PATHS = (
					"$(inherited)",
					"@executable_path/Frameworks",
				);
				PRODUCT_BUNDLE_IDENTIFIER = sa.MightyCallTest;
				PRODUCT_NAME = "$(TARGET_NAME)";
				SWIFT_VERSION = 5.0;
				TARGETED_DEVICE_FAMILY = 1;
			};
			name = Debug;
		};
		85BD7B822535FD6F00211C12 /* Release */ = {
			isa = XCBuildConfiguration;
			buildSettings = {
				ASSETCATALOG_COMPILER_APPICON_NAME = AppIcon;
				CODE_SIGN_STYLE = Automatic;
				DEVELOPMENT_TEAM = P29BZ53K6N;
				INFOPLIST_FILE = MightyCallTest/Support/Info.plist;
				LD_RUNPATH_SEARCH_PATHS = (
					"$(inherited)",
					"@executable_path/Frameworks",
				);
				PRODUCT_BUNDLE_IDENTIFIER = sa.MightyCallTest;
				PRODUCT_NAME = "$(TARGET_NAME)";
				SWIFT_VERSION = 5.0;
				TARGETED_DEVICE_FAMILY = 1;
			};
			name = Release;
		};
/* End XCBuildConfiguration section */

/* Begin XCConfigurationList section */
		85BD7B672535FD6C00211C12 /* Build configuration list for PBXProject "MightyCallTest" */ = {
			isa = XCConfigurationList;
			buildConfigurations = (
				85BD7B7E2535FD6F00211C12 /* Debug */,
				85BD7B7F2535FD6F00211C12 /* Release */,
			);
			defaultConfigurationIsVisible = 0;
			defaultConfigurationName = Release;
		};
		85BD7B802535FD6F00211C12 /* Build configuration list for PBXNativeTarget "MightyCallTest" */ = {
			isa = XCConfigurationList;
			buildConfigurations = (
				85BD7B812535FD6F00211C12 /* Debug */,
				85BD7B822535FD6F00211C12 /* Release */,
			);
			defaultConfigurationIsVisible = 0;
			defaultConfigurationName = Release;
		};
/* End XCConfigurationList section */
	};
	rootObject = 85BD7B642535FD6C00211C12 /* Project object */;
}
